
Microsoft Visual Studio Solution File, Format Version 12.00
# Visual Studio Version 16
VisualStudioVersion = 16.0.30907.101
MinimumVisualStudioVersion = 10.0.40219.1
Project("{FAE04EC0-301F-11D3-BF4B-00C04F79EFBC}") = "BlazorCRUD_side_Client.Server", "BlazorCRUD_side_Client\Server\BlazorCRUD_side_Client.Server.csproj", "{556FAA8A-F57B-4EDC-8D17-0EEFACDAC3DD}"
EndProject
Project("{FAE04EC0-301F-11D3-BF4B-00C04F79EFBC}") = "BlazorCRUD_side_Client.Client", "BlazorCRUD_side_Client\Client\BlazorCRUD_side_Client.Client.csproj", "{23B06C0E-FE67-4CDC-8A7C-2DF828DDD361}"
EndProject
Project("{FAE04EC0-301F-11D3-BF4B-00C04F79EFBC}") = "BlazorCRUD_side_Client.Shared", "BlazorCRUD_side_Client\Shared\BlazorCRUD_side_Client.Shared.csproj", "{21737684-06AA-4B0C-9B3C-1A3CF167FD2A}"
EndProject
Global
	GlobalSection(SolutionConfigurationPlatforms) = preSolution
		Debug|Any CPU = Debug|Any CPU
		Release|Any CPU = Release|Any CPU
	EndGlobalSection
	GlobalSection(ProjectConfigurationPlatforms) = postSolution
		{556FAA8A-F57B-4EDC-8D17-0EEFACDAC3DD}.Debug|Any CPU.ActiveCfg = Debug|Any CPU
		{556FAA8A-F57B-4EDC-8D17-0EEFACDAC3DD}.Debug|Any CPU.Build.0 = Debug|Any CPU
		{556FAA8A-F57B-4EDC-8D17-0EEFACDAC3DD}.Release|Any CPU.ActiveCfg = Release|Any CPU
		{556FAA8A-F57B-4EDC-8D17-0EEFACDAC3DD}.Release|Any CPU.Build.0 = Release|Any CPU
		{23B06C0E-FE67-4CDC-8A7C-2DF828DDD361}.Debug|Any CPU.ActiveCfg = Debug|Any CPU
		{23B06C0E-FE67-4CDC-8A7C-2DF828DDD361}.Debug|Any CPU.Build.0 = Debug|Any CPU
		{23B06C0E-FE67-4CDC-8A7C-2DF828DDD361}.Release|Any CPU.ActiveCfg = Release|Any CPU
		{23B06C0E-FE67-4CDC-8A7C-2DF828DDD361}.Release|Any CPU.Build.0 = Release|Any CPU
		{21737684-06AA-4B0C-9B3C-1A3CF167FD2A}.Debug|Any CPU.ActiveCfg = Debug|Any CPU
		{21737684-06AA-4B0C-9B3C-1A3CF167FD2A}.Debug|Any CPU.Build.0 = Debug|Any CPU
		{21737684-06AA-4B0C-9B3C-1A3CF167FD2A}.Release|Any CPU.ActiveCfg = Release|Any CPU
		{21737684-06AA-4B0C-9B3C-1A3CF167FD2A}.Release|Any CPU.Build.0 = Release|Any CPU
	EndGlobalSection
	GlobalSection(SolutionProperties) = preSolution
		HideSolutionNode = FALSE
	EndGlobalSection
	GlobalSection(ExtensibilityGlobals) = postSolution
		SolutionGuid = {BBDEB269-0453-4390-8CA7-60ADC4E95AB3}
	EndGlobalSection
EndGlobal
